{
    "name": "examples",
    "lockfileVersion": 2,
    "requires": true,
    "packages": {
        "": {
            "name": "examples",
            "dependencies": {
                "@iota/wallet": "../",
                "dotenv": "^16.0.1"
            }
        },
        "..": {
            "name": "@iota/wallet",
            "version": "2.0.3-rc.23",
            "hasInstallScript": true,
            "license": "Apache-2.0",
            "dependencies": {
                "@iota/types": "^1.0.0-beta.15",
                "cargo-cp-artifact": "^0.1.6",
                "prebuild-install": "^7.1.1",
                "typescript": "^4.9.4"
            },
            "devDependencies": {
                "@types/jest": "^29.4.0",
                "@typescript-eslint/eslint-plugin": "^5.30.7",
                "@typescript-eslint/parser": "^5.30.7",
                "electron-build-env": "^0.2.0",
                "eslint": "^8.20.0",
                "eslint-config-prettier": "^8.5.0",
                "jest": "^29.4.2",
                "prebuild": "^11.0.4",
                "prettier": "^2.8.3",
                "ts-jest": "^29.0.5",
                "typedoc": "^0.23.24",
                "typedoc-plugin-markdown": "^3.14.0"
            }
        },
        "node_modules/@iota/wallet": {
            "resolved": "..",
            "link": true
        },
        "node_modules/dotenv": {
            "version": "16.0.3",
            "resolved": "https://registry.npmjs.org/dotenv/-/dotenv-16.0.3.tgz",
            "integrity": "sha512-7GO6HghkA5fYG9TYnNxi14/7K9f5occMlp3zXAuSxn7CKCxt9xbNWG7yF8hTCSUchlfWSe3uLmlPfigevRItzQ==",
            "engines": {
                "node": ">=12"
            }
        }
    },
    "dependencies": {
        "@iota/wallet": {
            "version": "file:..",
            "requires": {
                "@iota/types": "^1.0.0-beta.15",
                "@types/jest": "^29.4.0",
                "@typescript-eslint/eslint-plugin": "^5.30.7",
                "@typescript-eslint/parser": "^5.30.7",
                "cargo-cp-artifact": "^0.1.6",
                "electron-build-env": "^0.2.0",
                "eslint": "^8.20.0",
                "eslint-config-prettier": "^8.5.0",
                "jest": "^29.4.2",
                "prebuild": "^11.0.4",
                "prebuild-install": "^7.1.1",
                "prettier": "^2.8.3",
                "ts-jest": "^29.0.5",
                "typedoc": "^0.23.24",
                "typedoc-plugin-markdown": "^3.14.0",
                "typescript": "^4.9.4"
            }
        },
        "dotenv": {
            "version": "16.0.3",
            "resolved": "https://registry.npmjs.org/dotenv/-/dotenv-16.0.3.tgz",
            "integrity": "sha512-7GO6HghkA5fYG9TYnNxi14/7K9f5occMlp3zXAuSxn7CKCxt9xbNWG7yF8hTCSUchlfWSe3uLmlPfigevRItzQ=="
        }
    }
}
