{
  "name": "@iota/wallet-mobile",
  "version": "0.0.1",
  "lockfileVersion": 2,
  "requires": true,
  "packages": {
    "": {
      "name": "@iota/wallet-mobile",
      "version": "0.0.1",
      "license": "Apache-2.0",
      "dependencies": {
        "@capacitor/core": "^3.4.1",
        "@iota/types": "^1.0.0-beta.15"
      },
      "devDependencies": {
        "@capacitor/android": "^3.4.1",
        "@capacitor/core": "^3.4.1",
        "@capacitor/docgen": "^0.0.10",
        "@capacitor/ios": "^3.4.1",
        "rimraf": "^3.0.2",
        "rollup": "^2.32.0",
        "typescript": "~4.0.3"
      },
      "peerDependencies": {
        "@capacitor/core": "^3.4.1"
      }
    },
    "node_modules/@capacitor/android": {
      "version": "3.9.0",
      "resolved": "https://registry.npmjs.org/@capacitor/android/-/android-3.9.0.tgz",
      "integrity": "sha512-YTPyrh1NozEuYXWGtfqN27TLXUrLbZX9fggyd4JQ1yMaUZTmLPm5dCuznONhQ49aPkJnUJB02JfpHy/qGwa2Lw==",
      "dev": true,
      "peerDependencies": {
        "@capacitor/core": "^3.9.0"
      }
    },
    "node_modules/@capacitor/core": {
      "version": "3.9.0",
      "resolved": "https://registry.npmjs.org/@capacitor/core/-/core-3.9.0.tgz",
      "integrity": "sha512-j1lL0+/7stY8YhIq1Lm6xixvUqIn89vtyH5ZpJNNmcZ0kwz6K9eLkcG6fvq1UWMDgSVZg9JrRGSFhb4LLoYOsw==",
      "dev": true,
      "dependencies": {
        "tslib": "^2.1.0"
      }
    },
    "node_modules/@capacitor/docgen": {
      "version": "0.0.10",
      "resolved": "https://registry.npmjs.org/@capacitor/docgen/-/docgen-0.0.10.tgz",
      "integrity": "sha512-zHzWBDiidONOKipn1ZCc1Q8FvnmKDRXBl0NU/haiWXek9WhrhmGhN5Vbm9RK9LXkEKfkdJn6G+eht5wqVrJCsA==",
      "dev": true,
      "dependencies": {
        "colorette": "^1.2.1",
        "github-slugger": "^1.3.0",
        "minimist": "^1.2.5",
        "typescript": "^4.0.3"
      },
      "bin": {
        "docgen": "bin/docgen"
      },
      "engines": {
        "node": ">=14.5.0"
      }
    },
    "node_modules/@capacitor/ios": {
      "version": "3.9.0",
      "resolved": "https://registry.npmjs.org/@capacitor/ios/-/ios-3.9.0.tgz",
      "integrity": "sha512-GezPCJIujRHnF4wbrKJx6Q/mgFz0f9rmh/steTTXQZI+nEl6mHk6NWh8235p7YbhonYi5WD0rFNirrjGg1EaGw==",
      "dev": true,
      "peerDependencies": {
        "@capacitor/core": "^3.9.0"
      }
    },
    "node_modules/@iota/types": {
      "version": "1.0.0-beta.15",
      "resolved": "https://registry.npmjs.org/@iota/types/-/types-1.0.0-beta.15.tgz",
      "integrity": "sha512-67DrzDO5bl2c7RIMpOdtjdOa27Bv1EmX/BHPTQD8c3RtPPAzJpSIpuI8JsIDl3U6Qe4zdLX3kRv9zGBXcr0fZA=="
    },
    "node_modules/balanced-match": {
      "version": "1.0.2",
      "resolved": "https://registry.npmjs.org/balanced-match/-/balanced-match-1.0.2.tgz",
      "integrity": "sha512-3oSeUO0TMV67hN1AmbXsK4yaqU7tjiHlbxRDZOpH0KW9+CeX4bRAaX0Anxt0tx2MrpRpWwQaPwIlISEJhYU5Pw==",
      "dev": true
    },
    "node_modules/brace-expansion": {
      "version": "1.1.11",
      "resolved": "https://registry.npmjs.org/brace-expansion/-/brace-expansion-1.1.11.tgz",
      "integrity": "sha512-iCuPHDFgrHX7H2vEI/5xpz07zSHB00TpugqhmYtVmMO6518mCuRMoOYFldEBl0g187ufozdaHgWKcYFb61qGiA==",
      "dev": true,
      "dependencies": {
        "balanced-match": "^1.0.0",
        "concat-map": "0.0.1"
      }
    },
    "node_modules/colorette": {
      "version": "1.4.0",
      "resolved": "https://registry.npmjs.org/colorette/-/colorette-1.4.0.tgz",
      "integrity": "sha512-Y2oEozpomLn7Q3HFP7dpww7AtMJplbM9lGZP6RDfHqmbeRjiwRg4n6VM6j4KLmRke85uWEI7JqF17f3pqdRA0g==",
      "dev": true
    },
    "node_modules/concat-map": {
      "version": "0.0.1",
      "resolved": "https://registry.npmjs.org/concat-map/-/concat-map-0.0.1.tgz",
      "integrity": "sha512-/Srv4dswyQNBfohGpz9o6Yb3Gz3SrUDqBH5rTuhGR7ahtlbYKnVxw2bCFMRljaA7EXHaXZ8wsHdodFvbkhKmqg==",
      "dev": true
    },
    "node_modules/fs.realpath": {
      "version": "1.0.0",
      "resolved": "https://registry.npmjs.org/fs.realpath/-/fs.realpath-1.0.0.tgz",
      "integrity": "sha512-OO0pH2lK6a0hZnAdau5ItzHPI6pUlvI7jMVnxUQRtw4owF2wk8lOSabtGDCTP4Ggrg2MbGnWO9X8K1t4+fGMDw==",
      "dev": true
    },
    "node_modules/fsevents": {
      "version": "2.3.2",
      "resolved": "https://registry.npmjs.org/fsevents/-/fsevents-2.3.2.tgz",
      "integrity": "sha512-xiqMQR4xAeHTuB9uWm+fFRcIOgKBMiOBP+eXiyT7jsgVCq1bkVygt00oASowB7EdtpOHaaPgKt812P9ab+DDKA==",
      "dev": true,
      "hasInstallScript": true,
      "optional": true,
      "os": [
        "darwin"
      ],
      "engines": {
        "node": "^8.16.0 || ^10.6.0 || >=11.0.0"
      }
    },
    "node_modules/github-slugger": {
      "version": "1.5.0",
      "resolved": "https://registry.npmjs.org/github-slugger/-/github-slugger-1.5.0.tgz",
      "integrity": "sha512-wIh+gKBI9Nshz2o46B0B3f5k/W+WI9ZAv6y5Dn5WJ5SK1t0TnDimB4WE5rmTD05ZAIn8HALCZVmCsvj0w0v0lw==",
      "dev": true
    },
    "node_modules/glob": {
      "version": "7.2.3",
      "resolved": "https://registry.npmjs.org/glob/-/glob-7.2.3.tgz",
      "integrity": "sha512-nFR0zLpU2YCaRxwoCJvL6UvCH2JFyFVIvwTLsIf21AuHlMskA1hhTdk+LlYJtOlYt9v6dvszD2BGRqBL+iQK9Q==",
      "dev": true,
      "dependencies": {
        "fs.realpath": "^1.0.0",
        "inflight": "^1.0.4",
        "inherits": "2",
        "minimatch": "^3.1.1",
        "once": "^1.3.0",
        "path-is-absolute": "^1.0.0"
      },
      "engines": {
        "node": "*"
      },
      "funding": {
        "url": "https://github.com/sponsors/isaacs"
      }
    },
    "node_modules/inflight": {
      "version": "1.0.6",
      "resolved": "https://registry.npmjs.org/inflight/-/inflight-1.0.6.tgz",
      "integrity": "sha512-k92I/b08q4wvFscXCLvqfsHCrjrF7yiXsQuIVvVE7N82W3+aqpzuUdBbfhWcy/FZR3/4IgflMgKLOsvPDrGCJA==",
      "dev": true,
      "dependencies": {
        "once": "^1.3.0",
        "wrappy": "1"
      }
    },
    "node_modules/inherits": {
      "version": "2.0.4",
      "resolved": "https://registry.npmjs.org/inherits/-/inherits-2.0.4.tgz",
      "integrity": "sha512-k/vGaX4/Yla3WzyMCvTQOXYeIHvqOKtnqBduzTHpzpQZzAskKMhZ2K+EnBiSM9zGSoIFeMpXKxa4dYeZIQqewQ==",
      "dev": true
    },
    "node_modules/minimatch": {
      "version": "3.1.2",
      "resolved": "https://registry.npmjs.org/minimatch/-/minimatch-3.1.2.tgz",
      "integrity": "sha512-J7p63hRiAjw1NDEww1W7i37+ByIrOWO5XQQAzZ3VOcL0PNybwpfmV/N05zFAzwQ9USyEcX6t3UO+K5aqBQOIHw==",
      "dev": true,
      "dependencies": {
        "brace-expansion": "^1.1.7"
      },
      "engines": {
        "node": "*"
      }
    },
    "node_modules/minimist": {
      "version": "1.2.7",
      "resolved": "https://registry.npmjs.org/minimist/-/minimist-1.2.7.tgz",
      "integrity": "sha512-bzfL1YUZsP41gmu/qjrEk0Q6i2ix/cVeAhbCbqH9u3zYutS1cLg00qhrD0M2MVdCcx4Sc0UpP2eBWo9rotpq6g==",
      "dev": true,
      "funding": {
        "url": "https://github.com/sponsors/ljharb"
      }
    },
    "node_modules/once": {
      "version": "1.4.0",
      "resolved": "https://registry.npmjs.org/once/-/once-1.4.0.tgz",
      "integrity": "sha512-lNaJgI+2Q5URQBkccEKHTQOPaXdUxnZZElQTZY0MFUAuaEqe1E+Nyvgdz/aIyNi6Z9MzO5dv1H8n58/GELp3+w==",
      "dev": true,
      "dependencies": {
        "wrappy": "1"
      }
    },
    "node_modules/path-is-absolute": {
      "version": "1.0.1",
      "resolved": "https://registry.npmjs.org/path-is-absolute/-/path-is-absolute-1.0.1.tgz",
      "integrity": "sha512-AVbw3UJ2e9bq64vSaS9Am0fje1Pa8pbGqTTsmXfaIiMpnr5DlDhfJOuLj9Sf95ZPVDAUerDfEk88MPmPe7UCQg==",
      "dev": true,
      "engines": {
        "node": ">=0.10.0"
      }
    },
    "node_modules/rimraf": {
      "version": "3.0.2",
      "resolved": "https://registry.npmjs.org/rimraf/-/rimraf-3.0.2.tgz",
      "integrity": "sha512-JZkJMZkAGFFPP2YqXZXPbMlMBgsxzE8ILs4lMIX/2o0L9UBw9O/Y3o6wFw/i9YLapcUJWwqbi3kdxIPdC62TIA==",
      "dev": true,
      "dependencies": {
        "glob": "^7.1.3"
      },
      "bin": {
        "rimraf": "bin.js"
      },
      "funding": {
        "url": "https://github.com/sponsors/isaacs"
      }
    },
    "node_modules/rollup": {
      "version": "2.79.1",
      "resolved": "https://registry.npmjs.org/rollup/-/rollup-2.79.1.tgz",
      "integrity": "sha512-uKxbd0IhMZOhjAiD5oAFp7BqvkA4Dv47qpOCtaNvng4HBwdbWtdOh8f5nZNuk2rp51PMGk3bzfWu5oayNEuYnw==",
      "dev": true,
      "bin": {
        "rollup": "dist/bin/rollup"
      },
      "engines": {
        "node": ">=10.0.0"
      },
      "optionalDependencies": {
        "fsevents": "~2.3.2"
      }
    },
    "node_modules/tslib": {
      "version": "2.4.1",
      "resolved": "https://registry.npmjs.org/tslib/-/tslib-2.4.1.tgz",
      "integrity": "sha512-tGyy4dAjRIEwI7BzsB0lynWgOpfqjUdq91XXAlIWD2OwKBH7oCl/GZG/HT4BOHrTlPMOASlMQ7veyTqpmRcrNA==",
      "dev": true
    },
    "node_modules/typescript": {
      "version": "4.0.8",
      "resolved": "https://registry.npmjs.org/typescript/-/typescript-4.0.8.tgz",
      "integrity": "sha512-oz1765PN+imfz1MlZzSZPtC/tqcwsCyIYA8L47EkRnRW97ztRk83SzMiWLrnChC0vqoYxSU1fcFUDA5gV/ZiPg==",
      "dev": true,
      "bin": {
        "tsc": "bin/tsc",
        "tsserver": "bin/tsserver"
      },
      "engines": {
        "node": ">=4.2.0"
      }
    },
    "node_modules/wrappy": {
      "version": "1.0.2",
      "resolved": "https://registry.npmjs.org/wrappy/-/wrappy-1.0.2.tgz",
      "integrity": "sha512-l4Sp/DRseor9wL6EvV2+TuQn63dMkPjZ/sp9XkghTEbV9KlPS1xUsZ3u7/IQO4wxtcFB4bgpQPRcR3QCvezPcQ==",
      "dev": true
    }
  },
  "dependencies": {
    "@capacitor/android": {
      "version": "3.9.0",
      "resolved": "https://registry.npmjs.org/@capacitor/android/-/android-3.9.0.tgz",
      "integrity": "sha512-YTPyrh1NozEuYXWGtfqN27TLXUrLbZX9fggyd4JQ1yMaUZTmLPm5dCuznONhQ49aPkJnUJB02JfpHy/qGwa2Lw==",
      "dev": true,
      "requires": {}
    },
    "@capacitor/core": {
      "version": "3.9.0",
      "resolved": "https://registry.npmjs.org/@capacitor/core/-/core-3.9.0.tgz",
      "integrity": "sha512-j1lL0+/7stY8YhIq1Lm6xixvUqIn89vtyH5ZpJNNmcZ0kwz6K9eLkcG6fvq1UWMDgSVZg9JrRGSFhb4LLoYOsw==",
      "dev": true,
      "requires": {
        "tslib": "^2.1.0"
      }
    },
    "@capacitor/docgen": {
      "version": "0.0.10",
      "resolved": "https://registry.npmjs.org/@capacitor/docgen/-/docgen-0.0.10.tgz",
      "integrity": "sha512-zHzWBDiidONOKipn1ZCc1Q8FvnmKDRXBl0NU/haiWXek9WhrhmGhN5Vbm9RK9LXkEKfkdJn6G+eht5wqVrJCsA==",
      "dev": true,
      "requires": {
        "colorette": "^1.2.1",
        "github-slugger": "^1.3.0",
        "minimist": "^1.2.5",
        "typescript": "^4.0.3"
      }
    },
    "@capacitor/ios": {
      "version": "3.9.0",
      "resolved": "https://registry.npmjs.org/@capacitor/ios/-/ios-3.9.0.tgz",
      "integrity": "sha512-GezPCJIujRHnF4wbrKJx6Q/mgFz0f9rmh/steTTXQZI+nEl6mHk6NWh8235p7YbhonYi5WD0rFNirrjGg1EaGw==",
      "dev": true,
      "requires": {}
    },
    "@iota/types": {
      "version": "1.0.0-beta.15",
      "resolved": "https://registry.npmjs.org/@iota/types/-/types-1.0.0-beta.15.tgz",
      "integrity": "sha512-67DrzDO5bl2c7RIMpOdtjdOa27Bv1EmX/BHPTQD8c3RtPPAzJpSIpuI8JsIDl3U6Qe4zdLX3kRv9zGBXcr0fZA=="
    },
    "balanced-match": {
      "version": "1.0.2",
      "resolved": "https://registry.npmjs.org/balanced-match/-/balanced-match-1.0.2.tgz",
      "integrity": "sha512-3oSeUO0TMV67hN1AmbXsK4yaqU7tjiHlbxRDZOpH0KW9+CeX4bRAaX0Anxt0tx2MrpRpWwQaPwIlISEJhYU5Pw==",
      "dev": true
    },
    "brace-expansion": {
      "version": "1.1.11",
      "resolved": "https://registry.npmjs.org/brace-expansion/-/brace-expansion-1.1.11.tgz",
      "integrity": "sha512-iCuPHDFgrHX7H2vEI/5xpz07zSHB00TpugqhmYtVmMO6518mCuRMoOYFldEBl0g187ufozdaHgWKcYFb61qGiA==",
      "dev": true,
      "requires": {
        "balanced-match": "^1.0.0",
        "concat-map": "0.0.1"
      }
    },
    "colorette": {
      "version": "1.4.0",
      "resolved": "https://registry.npmjs.org/colorette/-/colorette-1.4.0.tgz",
      "integrity": "sha512-Y2oEozpomLn7Q3HFP7dpww7AtMJplbM9lGZP6RDfHqmbeRjiwRg4n6VM6j4KLmRke85uWEI7JqF17f3pqdRA0g==",
      "dev": true
    },
    "concat-map": {
      "version": "0.0.1",
      "resolved": "https://registry.npmjs.org/concat-map/-/concat-map-0.0.1.tgz",
      "integrity": "sha512-/Srv4dswyQNBfohGpz9o6Yb3Gz3SrUDqBH5rTuhGR7ahtlbYKnVxw2bCFMRljaA7EXHaXZ8wsHdodFvbkhKmqg==",
      "dev": true
    },
    "fs.realpath": {
      "version": "1.0.0",
      "resolved": "https://registry.npmjs.org/fs.realpath/-/fs.realpath-1.0.0.tgz",
      "integrity": "sha512-OO0pH2lK6a0hZnAdau5ItzHPI6pUlvI7jMVnxUQRtw4owF2wk8lOSabtGDCTP4Ggrg2MbGnWO9X8K1t4+fGMDw==",
      "dev": true
    },
    "fsevents": {
      "version": "2.3.2",
      "resolved": "https://registry.npmjs.org/fsevents/-/fsevents-2.3.2.tgz",
      "integrity": "sha512-xiqMQR4xAeHTuB9uWm+fFRcIOgKBMiOBP+eXiyT7jsgVCq1bkVygt00oASowB7EdtpOHaaPgKt812P9ab+DDKA==",
      "dev": true,
      "optional": true
    },
    "github-slugger": {
      "version": "1.5.0",
      "resolved": "https://registry.npmjs.org/github-slugger/-/github-slugger-1.5.0.tgz",
      "integrity": "sha512-wIh+gKBI9Nshz2o46B0B3f5k/W+WI9ZAv6y5Dn5WJ5SK1t0TnDimB4WE5rmTD05ZAIn8HALCZVmCsvj0w0v0lw==",
      "dev": true
    },
    "glob": {
      "version": "7.2.3",
      "resolved": "https://registry.npmjs.org/glob/-/glob-7.2.3.tgz",
      "integrity": "sha512-nFR0zLpU2YCaRxwoCJvL6UvCH2JFyFVIvwTLsIf21AuHlMskA1hhTdk+LlYJtOlYt9v6dvszD2BGRqBL+iQK9Q==",
      "dev": true,
      "requires": {
        "fs.realpath": "^1.0.0",
        "inflight": "^1.0.4",
        "inherits": "2",
        "minimatch": "^3.1.1",
        "once": "^1.3.0",
        "path-is-absolute": "^1.0.0"
      }
    },
    "inflight": {
      "version": "1.0.6",
      "resolved": "https://registry.npmjs.org/inflight/-/inflight-1.0.6.tgz",
      "integrity": "sha512-k92I/b08q4wvFscXCLvqfsHCrjrF7yiXsQuIVvVE7N82W3+aqpzuUdBbfhWcy/FZR3/4IgflMgKLOsvPDrGCJA==",
      "dev": true,
      "requires": {
        "once": "^1.3.0",
        "wrappy": "1"
      }
    },
    "inherits": {
      "version": "2.0.4",
      "resolved": "https://registry.npmjs.org/inherits/-/inherits-2.0.4.tgz",
      "integrity": "sha512-k/vGaX4/Yla3WzyMCvTQOXYeIHvqOKtnqBduzTHpzpQZzAskKMhZ2K+EnBiSM9zGSoIFeMpXKxa4dYeZIQqewQ==",
      "dev": true
    },
    "minimatch": {
      "version": "3.1.2",
      "resolved": "https://registry.npmjs.org/minimatch/-/minimatch-3.1.2.tgz",
      "integrity": "sha512-J7p63hRiAjw1NDEww1W7i37+ByIrOWO5XQQAzZ3VOcL0PNybwpfmV/N05zFAzwQ9USyEcX6t3UO+K5aqBQOIHw==",
      "dev": true,
      "requires": {
        "brace-expansion": "^1.1.7"
      }
    },
    "minimist": {
      "version": "1.2.7",
      "resolved": "https://registry.npmjs.org/minimist/-/minimist-1.2.7.tgz",
      "integrity": "sha512-bzfL1YUZsP41gmu/qjrEk0Q6i2ix/cVeAhbCbqH9u3zYutS1cLg00qhrD0M2MVdCcx4Sc0UpP2eBWo9rotpq6g==",
      "dev": true
    },
    "once": {
      "version": "1.4.0",
      "resolved": "https://registry.npmjs.org/once/-/once-1.4.0.tgz",
      "integrity": "sha512-lNaJgI+2Q5URQBkccEKHTQOPaXdUxnZZElQTZY0MFUAuaEqe1E+Nyvgdz/aIyNi6Z9MzO5dv1H8n58/GELp3+w==",
      "dev": true,
      "requires": {
        "wrappy": "1"
      }
    },
    "path-is-absolute": {
      "version": "1.0.1",
      "resolved": "https://registry.npmjs.org/path-is-absolute/-/path-is-absolute-1.0.1.tgz",
      "integrity": "sha512-AVbw3UJ2e9bq64vSaS9Am0fje1Pa8pbGqTTsmXfaIiMpnr5DlDhfJOuLj9Sf95ZPVDAUerDfEk88MPmPe7UCQg==",
      "dev": true
    },
    "rimraf": {
      "version": "3.0.2",
      "resolved": "https://registry.npmjs.org/rimraf/-/rimraf-3.0.2.tgz",
      "integrity": "sha512-JZkJMZkAGFFPP2YqXZXPbMlMBgsxzE8ILs4lMIX/2o0L9UBw9O/Y3o6wFw/i9YLapcUJWwqbi3kdxIPdC62TIA==",
      "dev": true,
      "requires": {
        "glob": "^7.1.3"
      }
    },
    "rollup": {
      "version": "2.79.1",
      "resolved": "https://registry.npmjs.org/rollup/-/rollup-2.79.1.tgz",
      "integrity": "sha512-uKxbd0IhMZOhjAiD5oAFp7BqvkA4Dv47qpOCtaNvng4HBwdbWtdOh8f5nZNuk2rp51PMGk3bzfWu5oayNEuYnw==",
      "dev": true,
      "requires": {
        "fsevents": "~2.3.2"
      }
    },
    "tslib": {
      "version": "2.4.1",
      "resolved": "https://registry.npmjs.org/tslib/-/tslib-2.4.1.tgz",
      "integrity": "sha512-tGyy4dAjRIEwI7BzsB0lynWgOpfqjUdq91XXAlIWD2OwKBH7oCl/GZG/HT4BOHrTlPMOASlMQ7veyTqpmRcrNA==",
      "dev": true
    },
    "typescript": {
      "version": "4.0.8",
      "resolved": "https://registry.npmjs.org/typescript/-/typescript-4.0.8.tgz",
      "integrity": "sha512-oz1765PN+imfz1MlZzSZPtC/tqcwsCyIYA8L47EkRnRW97ztRk83SzMiWLrnChC0vqoYxSU1fcFUDA5gV/ZiPg==",
      "dev": true
    },
    "wrappy": {
      "version": "1.0.2",
      "resolved": "https://registry.npmjs.org/wrappy/-/wrappy-1.0.2.tgz",
      "integrity": "sha512-l4Sp/DRseor9wL6EvV2+TuQn63dMkPjZ/sp9XkghTEbV9KlPS1xUsZ3u7/IQO4wxtcFB4bgpQPRcR3QCvezPcQ==",
      "dev": true
    }
  }
}
