<?xml version="1.0" encoding="UTF-8"?>
<Scheme
   LastUpgradeVersion = "1320"
   version = "1.7">
   <BuildAction
      parallelizeBuildables = "YES"
      buildImplicitDependencies = "YES">
      <PreActions>
         <ExecutionAction
            ActionType = "Xcode.IDEStandardExecutionActionsCore.ExecutionActionType.ShellScriptAction">
            <ActionContent
               title = "Run Script"
               scriptText = "# Type a script or drag a script file from your workspace to insert its path.&#10;cd ${PROJECT_DIR}&#10;src=../../target/debug/libiota_wallet.dylib&#10;dest=iota_wallet/libiota_wallet.dylib&#10;dest_dir=iota_wallet&#10;cp &quot;../../iota_wallet_ffi.h&quot; &quot;$dest_dir&quot;&#10;if [ &quot;$src&quot; -nt &quot;$dest&quot; ]; then&#10;  rm ${PROJECT_DIR}/prebuild.log &#10;  cp &quot;$src&quot; &quot;$dest_dir&quot;&#10;else&#10;  exec &gt; ${PROJECT_DIR}/prebuild.log 2&gt;&amp;1&#10;  cargo build &amp;&amp; cp &quot;$src&quot; iota_wallet&#10;fi&#10;"
               shellToInvoke = "/bin/zsh">
               <EnvironmentBuildable>
                  <BuildableReference
                     BuildableIdentifier = "primary"
                     BlueprintIdentifier = "7904C21427BBDF85001CB01B"
                     BuildableName = "IotaWallet.framework"
                     BlueprintName = "IotaWallet"
                     ReferencedContainer = "container:IotaWallet.xcodeproj">
                  </BuildableReference>
               </EnvironmentBuildable>
            </ActionContent>
         </ExecutionAction>
      </PreActions>
      <BuildActionEntries>
         <BuildActionEntry
            buildForTesting = "YES"
            buildForRunning = "YES"
            buildForProfiling = "YES"
            buildForArchiving = "YES"
            buildForAnalyzing = "YES">
            <BuildableReference
               BuildableIdentifier = "primary"
               BlueprintIdentifier = "7904C21427BBDF85001CB01B"
               BuildableName = "IotaWallet.framework"
               BlueprintName = "IotaWallet"
               ReferencedContainer = "container:IotaWallet.xcodeproj">
            </BuildableReference>
         </BuildActionEntry>
      </BuildActionEntries>
   </BuildAction>
   <TestAction
      buildConfiguration = "Debug"
      selectedDebuggerIdentifier = "Xcode.DebuggerFoundation.Debugger.LLDB"
      selectedLauncherIdentifier = "Xcode.DebuggerFoundation.Launcher.LLDB"
      shouldUseLaunchSchemeArgsEnv = "YES">
      <Testables>
         <TestableReference
            skipped = "NO">
            <BuildableReference
               BuildableIdentifier = "primary"
               BlueprintIdentifier = "7904C21E27BBDF85001CB01B"
               BuildableName = "IotaWalletTests.xctest"
               BlueprintName = "IotaWalletTests"
               ReferencedContainer = "container:IotaWallet.xcodeproj">
            </BuildableReference>
         </TestableReference>
      </Testables>
   </TestAction>
   <LaunchAction
      buildConfiguration = "Debug"
      selectedDebuggerIdentifier = "Xcode.DebuggerFoundation.Debugger.LLDB"
      selectedLauncherIdentifier = "Xcode.DebuggerFoundation.Launcher.LLDB"
      launchStyle = "0"
      useCustomWorkingDirectory = "NO"
      ignoresPersistentStateOnLaunch = "NO"
      debugDocumentVersioning = "YES"
      debugServiceExtension = "internal"
      allowLocationSimulation = "YES">
   </LaunchAction>
   <ProfileAction
      buildConfiguration = "Release"
      shouldUseLaunchSchemeArgsEnv = "YES"
      savedToolIdentifier = ""
      useCustomWorkingDirectory = "NO"
      debugDocumentVersioning = "YES">
      <MacroExpansion>
         <BuildableReference
            BuildableIdentifier = "primary"
            BlueprintIdentifier = "7904C21427BBDF85001CB01B"
            BuildableName = "IotaWallet.framework"
            BlueprintName = "IotaWallet"
            ReferencedContainer = "container:IotaWallet.xcodeproj">
         </BuildableReference>
      </MacroExpansion>
   </ProfileAction>
   <AnalyzeAction
      buildConfiguration = "Debug">
   </AnalyzeAction>
   <ArchiveAction
      buildConfiguration = "Release"
      revealArchiveInOrganizer = "YES">
   </ArchiveAction>
</Scheme>
